{
  "nodes": {
    "nixpkgs": {
      "locked": {
        "lastModified": 1734353494,
        "narHash": "sha256-TCkJrXVay/RJjRgcNyWoAB5JLmnJHEmcXi4DJ538z78=",
        "owner": "NixOS",
        "repo": "nixpkgs",
        "rev": "a92c91b46bd74c8346795f3eac79897679445a75",
        "type": "github"
      },
      "original": {
        "owner": "NixOS",
        "repo": "nixpkgs",
        "type": "github"
      }
    },
    "root": {
      "inputs": {
        "nixpkgs": "nixpkgs"
      }
    }
  },
  "root": "root",
  "version": 7
}
