{
  "nodes": {
    "nixpkgs": {
      "locked": {
        "lastModified": 1707874750,
        "narHash": "sha256-9ID7IJ2bm0ZG9Xcdf+8s0Qi0LfCBiz915LMBD6/adXc=",
        "owner": "NixOS",
        "repo": "nixpkgs",
        "rev": "009e4ff8e380b87d6c752ec5343f3ec6e2c1e626",
        "type": "github"
      },
      "original": {
        "owner": "NixOS",
        "repo": "nixpkgs",
        "type": "github"
      }
    },
    "root": {
      "inputs": {
        "nixpkgs": "nixpkgs"
      }
    }
  },
  "root": "root",
  "version": 7
}
